hash: 5c24b77919751742c35cca3f4681ce05b6df96ee1fe0e822da00416100ff4ec7
updated: 2017-06-13T13:28:19.409228584-07:00
imports:
- name: github.com/gorilla/mux
  version: bcd8bc72b08df0f70df986b97f95590779502d31
- name: golang.org/x/sync
  version: f52d1811a62927559de87708c8913c1650ce4f26
  subpackages:
  - syncmap
testImports: []
